
Microsoft Visual Studio Solution File, Format Version 12.00
# Visual Studio Version 17
VisualStudioVersion = 17.2.32519.379
MinimumVisualStudioVersion = 10.0.40219.1
Project("{FAE04EC0-301F-11D3-BF4B-00C04F79EFBC}") = "ControlePonto.API", "ControlePonto.API\ControlePonto.API.csproj", "{58C67B01-BEAF-4830-ACA1-1A1771A8C684}"
EndProject
Project("{FAE04EC0-301F-11D3-BF4B-00C04F79EFBC}") = "ControlePonto.BLL", "ControlePonto.BLL\ControlePonto.BLL.csproj", "{AEDF9AA8-44F6-407E-8142-ABADAC267FB7}"
EndProject
Project("{FAE04EC0-301F-11D3-BF4B-00C04F79EFBC}") = "ControlePonto.DAL", "ControlePonto.DAL\ControlePonto.DAL.csproj", "{4893900C-77F4-4594-BDF1-87F1A858A765}"
EndProject
Project("{FAE04EC0-301F-11D3-BF4B-00C04F79EFBC}") = "ControlePonto.Entity", "ControlePonto.Entidade\ControlePonto.Entity.csproj", "{39613FA0-84D2-4419-B287-4A0CD1FA0F3D}"
EndProject
Project("{FAE04EC0-301F-11D3-BF4B-00C04F79EFBC}") = "ControlePonto.DTO", "ControlePonto.DTO\ControlePonto.DTO.csproj", "{15877A8E-54EC-4ECC-BE8D-9288E3C5F889}"
EndProject
Global
	GlobalSection(SolutionConfigurationPlatforms) = preSolution
		Debug|Any CPU = Debug|Any CPU
		Release|Any CPU = Release|Any CPU
	EndGlobalSection
	GlobalSection(ProjectConfigurationPlatforms) = postSolution
		{58C67B01-BEAF-4830-ACA1-1A1771A8C684}.Debug|Any CPU.ActiveCfg = Debug|Any CPU
		{58C67B01-BEAF-4830-ACA1-1A1771A8C684}.Debug|Any CPU.Build.0 = Debug|Any CPU
		{58C67B01-BEAF-4830-ACA1-1A1771A8C684}.Release|Any CPU.ActiveCfg = Release|Any CPU
		{58C67B01-BEAF-4830-ACA1-1A1771A8C684}.Release|Any CPU.Build.0 = Release|Any CPU
		{AEDF9AA8-44F6-407E-8142-ABADAC267FB7}.Debug|Any CPU.ActiveCfg = Debug|Any CPU
		{AEDF9AA8-44F6-407E-8142-ABADAC267FB7}.Debug|Any CPU.Build.0 = Debug|Any CPU
		{AEDF9AA8-44F6-407E-8142-ABADAC267FB7}.Release|Any CPU.ActiveCfg = Release|Any CPU
		{AEDF9AA8-44F6-407E-8142-ABADAC267FB7}.Release|Any CPU.Build.0 = Release|Any CPU
		{4893900C-77F4-4594-BDF1-87F1A858A765}.Debug|Any CPU.ActiveCfg = Debug|Any CPU
		{4893900C-77F4-4594-BDF1-87F1A858A765}.Debug|Any CPU.Build.0 = Debug|Any CPU
		{4893900C-77F4-4594-BDF1-87F1A858A765}.Release|Any CPU.ActiveCfg = Release|Any CPU
		{4893900C-77F4-4594-BDF1-87F1A858A765}.Release|Any CPU.Build.0 = Release|Any CPU
		{39613FA0-84D2-4419-B287-4A0CD1FA0F3D}.Debug|Any CPU.ActiveCfg = Debug|Any CPU
		{39613FA0-84D2-4419-B287-4A0CD1FA0F3D}.Debug|Any CPU.Build.0 = Debug|Any CPU
		{39613FA0-84D2-4419-B287-4A0CD1FA0F3D}.Release|Any CPU.ActiveCfg = Release|Any CPU
		{39613FA0-84D2-4419-B287-4A0CD1FA0F3D}.Release|Any CPU.Build.0 = Release|Any CPU
		{15877A8E-54EC-4ECC-BE8D-9288E3C5F889}.Debug|Any CPU.ActiveCfg = Debug|Any CPU
		{15877A8E-54EC-4ECC-BE8D-9288E3C5F889}.Debug|Any CPU.Build.0 = Debug|Any CPU
		{15877A8E-54EC-4ECC-BE8D-9288E3C5F889}.Release|Any CPU.ActiveCfg = Release|Any CPU
		{15877A8E-54EC-4ECC-BE8D-9288E3C5F889}.Release|Any CPU.Build.0 = Release|Any CPU
	EndGlobalSection
	GlobalSection(SolutionProperties) = preSolution
		HideSolutionNode = FALSE
	EndGlobalSection
	GlobalSection(ExtensibilityGlobals) = postSolution
		SolutionGuid = {3C68E6F0-DD5F-463C-925B-87103F320F4B}
	EndGlobalSection
EndGlobal
