
Microsoft Visual Studio Solution File, Format Version 12.00
# Visual Studio Version 17
VisualStudioVersion = 17.2.32519.379
MinimumVisualStudioVersion = 10.0.40219.1
Project("{9A19103F-16F7-4668-BE54-9A1E7A4F7556}") = "ControlePonto.BLL", "ControlePonto.BLL\ControlePonto.BLL.csproj", "{AEDF9AA8-44F6-407E-8142-ABADAC267FB7}"
EndProject
Project("{9A19103F-16F7-4668-BE54-9A1E7A4F7556}") = "ControlePonto.DAL", "ControlePonto.DAL\ControlePonto.DAL.csproj", "{4893900C-77F4-4594-BDF1-87F1A858A765}"
EndProject
Project("{9A19103F-16F7-4668-BE54-9A1E7A4F7556}") = "ControlePonto.DTO", "ControlePonto.DTO\ControlePonto.DTO.csproj", "{15877A8E-54EC-4ECC-BE8D-9288E3C5F889}"
EndProject
Project("{9A19103F-16F7-4668-BE54-9A1E7A4F7556}") = "ControlePonto.API", "ControlePonto.API\ControlePonto.API.csproj", "{6423E7E2-BB17-4682-872F-3A69578B8D87}"
EndProject
Project("{9A19103F-16F7-4668-BE54-9A1E7A4F7556}") = "ControlePonto.Helpers", "ControlePonto.Utils\ControlePonto.Helpers.csproj", "{B76986F4-02BB-49C9-886B-702C1B26D1EE}"
EndProject
Project("{9A19103F-16F7-4668-BE54-9A1E7A4F7556}") = "ControlePonto.Entity", "ControlePonto.Entidade\ControlePonto.Entity.csproj", "{53B45DB3-1631-49B0-AEF7-80DD641ADB82}"
EndProject
Global
	GlobalSection(SolutionConfigurationPlatforms) = preSolution
		Debug|Any CPU = Debug|Any CPU
		Release|Any CPU = Release|Any CPU
	EndGlobalSection
	GlobalSection(ProjectConfigurationPlatforms) = postSolution
		{AEDF9AA8-44F6-407E-8142-ABADAC267FB7}.Debug|Any CPU.ActiveCfg = Debug|Any CPU
		{AEDF9AA8-44F6-407E-8142-ABADAC267FB7}.Debug|Any CPU.Build.0 = Debug|Any CPU
		{AEDF9AA8-44F6-407E-8142-ABADAC267FB7}.Release|Any CPU.ActiveCfg = Release|Any CPU
		{AEDF9AA8-44F6-407E-8142-ABADAC267FB7}.Release|Any CPU.Build.0 = Release|Any CPU
		{4893900C-77F4-4594-BDF1-87F1A858A765}.Debug|Any CPU.ActiveCfg = Debug|Any CPU
		{4893900C-77F4-4594-BDF1-87F1A858A765}.Debug|Any CPU.Build.0 = Debug|Any CPU
		{4893900C-77F4-4594-BDF1-87F1A858A765}.Release|Any CPU.ActiveCfg = Release|Any CPU
		{4893900C-77F4-4594-BDF1-87F1A858A765}.Release|Any CPU.Build.0 = Release|Any CPU
		{15877A8E-54EC-4ECC-BE8D-9288E3C5F889}.Debug|Any CPU.ActiveCfg = Debug|Any CPU
		{15877A8E-54EC-4ECC-BE8D-9288E3C5F889}.Debug|Any CPU.Build.0 = Debug|Any CPU
		{15877A8E-54EC-4ECC-BE8D-9288E3C5F889}.Release|Any CPU.ActiveCfg = Release|Any CPU
		{15877A8E-54EC-4ECC-BE8D-9288E3C5F889}.Release|Any CPU.Build.0 = Release|Any CPU
		{6423E7E2-BB17-4682-872F-3A69578B8D87}.Debug|Any CPU.ActiveCfg = Debug|Any CPU
		{6423E7E2-BB17-4682-872F-3A69578B8D87}.Debug|Any CPU.Build.0 = Debug|Any CPU
		{6423E7E2-BB17-4682-872F-3A69578B8D87}.Release|Any CPU.ActiveCfg = Release|Any CPU
		{6423E7E2-BB17-4682-872F-3A69578B8D87}.Release|Any CPU.Build.0 = Release|Any CPU
		{B76986F4-02BB-49C9-886B-702C1B26D1EE}.Debug|Any CPU.ActiveCfg = Debug|Any CPU
		{B76986F4-02BB-49C9-886B-702C1B26D1EE}.Debug|Any CPU.Build.0 = Debug|Any CPU
		{B76986F4-02BB-49C9-886B-702C1B26D1EE}.Release|Any CPU.ActiveCfg = Release|Any CPU
		{B76986F4-02BB-49C9-886B-702C1B26D1EE}.Release|Any CPU.Build.0 = Release|Any CPU
		{53B45DB3-1631-49B0-AEF7-80DD641ADB82}.Debug|Any CPU.ActiveCfg = Debug|Any CPU
		{53B45DB3-1631-49B0-AEF7-80DD641ADB82}.Debug|Any CPU.Build.0 = Debug|Any CPU
		{53B45DB3-1631-49B0-AEF7-80DD641ADB82}.Release|Any CPU.ActiveCfg = Release|Any CPU
		{53B45DB3-1631-49B0-AEF7-80DD641ADB82}.Release|Any CPU.Build.0 = Release|Any CPU
	EndGlobalSection
	GlobalSection(SolutionProperties) = preSolution
		HideSolutionNode = FALSE
	EndGlobalSection
	GlobalSection(ExtensibilityGlobals) = postSolution
		SolutionGuid = {3C68E6F0-DD5F-463C-925B-87103F320F4B}
	EndGlobalSection
EndGlobal
