
Microsoft Visual Studio Solution File, Format Version 12.00
# Visual Studio Version 17
VisualStudioVersion = 17.2.32519.379
MinimumVisualStudioVersion = 10.0.40219.1
Project("{FAE04EC0-301F-11D3-BF4B-00C04F79EFBC}") = "front.ControlePonto", "front.ControlePonto\front.ControlePonto.csproj", "{3E754D0F-2B2F-4830-9E18-74623E992D57}"
EndProject
Global
	GlobalSection(SolutionConfigurationPlatforms) = preSolution
		Debug|Any CPU = Debug|Any CPU
		Release|Any CPU = Release|Any CPU
	EndGlobalSection
	GlobalSection(ProjectConfigurationPlatforms) = postSolution
		{3E754D0F-2B2F-4830-9E18-74623E992D57}.Debug|Any CPU.ActiveCfg = Debug|Any CPU
		{3E754D0F-2B2F-4830-9E18-74623E992D57}.Debug|Any CPU.Build.0 = Debug|Any CPU
		{3E754D0F-2B2F-4830-9E18-74623E992D57}.Release|Any CPU.ActiveCfg = Release|Any CPU
		{3E754D0F-2B2F-4830-9E18-74623E992D57}.Release|Any CPU.Build.0 = Release|Any CPU
	EndGlobalSection
	GlobalSection(SolutionProperties) = preSolution
		HideSolutionNode = FALSE
	EndGlobalSection
	GlobalSection(ExtensibilityGlobals) = postSolution
		SolutionGuid = {B3D4F8DE-27B8-4703-9361-A35175DE9207}
	EndGlobalSection
EndGlobal
